
Microsoft Visual Studio Solution File, Format Version 12.00
# Visual Studio 14
VisualStudioVersion = 14.0.24720.0
MinimumVisualStudioVersion = 10.0.40219.1
Project("{FAE04EC0-301F-11D3-BF4B-00C04F79EFBC}") = "ModernWebUITraining", "ModernWebUITraining\ModernWebUITraining.csproj", "{506FB1DC-9439-4FBA-8C11-9B7D9096DD97}"
EndProject
Project("{FAE04EC0-301F-11D3-BF4B-00C04F79EFBC}") = "ModernWebUITraining.Tests", "ModernWebUITraining.Tests\ModernWebUITraining.Tests.csproj", "{7D20A94D-A6F7-4D8C-B79F-1EF7C58BED52}"
EndProject
Global
	GlobalSection(SolutionConfigurationPlatforms) = preSolution
		Debug|Any CPU = Debug|Any CPU
		Release|Any CPU = Release|Any CPU
	EndGlobalSection
	GlobalSection(ProjectConfigurationPlatforms) = postSolution
		{506FB1DC-9439-4FBA-8C11-9B7D9096DD97}.Debug|Any CPU.ActiveCfg = Debug|Any CPU
		{506FB1DC-9439-4FBA-8C11-9B7D9096DD97}.Debug|Any CPU.Build.0 = Debug|Any CPU
		{506FB1DC-9439-4FBA-8C11-9B7D9096DD97}.Release|Any CPU.ActiveCfg = Release|Any CPU
		{506FB1DC-9439-4FBA-8C11-9B7D9096DD97}.Release|Any CPU.Build.0 = Release|Any CPU
		{7D20A94D-A6F7-4D8C-B79F-1EF7C58BED52}.Debug|Any CPU.ActiveCfg = Debug|Any CPU
		{7D20A94D-A6F7-4D8C-B79F-1EF7C58BED52}.Debug|Any CPU.Build.0 = Debug|Any CPU
		{7D20A94D-A6F7-4D8C-B79F-1EF7C58BED52}.Release|Any CPU.ActiveCfg = Release|Any CPU
		{7D20A94D-A6F7-4D8C-B79F-1EF7C58BED52}.Release|Any CPU.Build.0 = Release|Any CPU
	EndGlobalSection
	GlobalSection(SolutionProperties) = preSolution
		HideSolutionNode = FALSE
	EndGlobalSection
EndGlobal
